PODS:
  - RxCocoa (3.4.0):
    - RxSwift (~> 3.4)
  - RxSwift (3.4.0)

DEPENDENCIES:
  - RxCocoa
  - RxSwift

SPEC CHECKSUMS:
  RxCocoa: d14ef6b6029e1ddc6e966508c09289090de68ff9
  RxSwift: 3789a1af753002a14edecdb698a2424624296a9c

PODFILE CHECKSUM: e6adc14cb2c4f7129e0445ad8289430df87123a5

COCOAPODS: 1.1.1
