// !$*UTF8*$!
{
	archiveVersion = 1;
	classes = {
	};
	objectVersion = 46;
	objects = {

/* Begin PBXBuildFile section */
		B1A9583DCF68E385B63CA1D3 /* Pods_RxTestUITests.framework in Frameworks */ = {isa = PBXBuildFile; fileRef = 2214EA7EA8BF96594DFA0E8A /* Pods_RxTestUITests.framework */; };
		DA191D011C998E15C037AC8B /* Pods_RxTestTests.framework in Frameworks */ = {isa = PBXBuildFile; fileRef = F09380F1D02B8CEA63856143 /* Pods_RxTestTests.framework */; };
		DB2BE41B1EDA8C05007BAE50 /* UIColor+Github.swift in Sources */ = {isa = PBXBuildFile; fileRef = DB2BE41A1EDA8C05007BAE50 /* UIColor+Github.swift */; };
		DB6397E21EC31BE200E43EAA /* SearchUserViewController.storyboard in Resources */ = {isa = PBXBuildFile; fileRef = DB6397E11EC31BE200E43EAA /* SearchUserViewController.storyboard */; };
		DB6397E41EC31BF900E43EAA /* SearchUserViewController.swift in Sources */ = {isa = PBXBuildFile; fileRef = DB6397E31EC31BF900E43EAA /* SearchUserViewController.swift */; };
		DB6397EA1EC31D6800E43EAA /* GithubUserCell.swift in Sources */ = {isa = PBXBuildFile; fileRef = DB6397E81EC31D6800E43EAA /* GithubUserCell.swift */; };
		DB6397EB1EC31D6800E43EAA /* GithubUserCell.xib in Resources */ = {isa = PBXBuildFile; fileRef = DB6397E91EC31D6800E43EAA /* GithubUserCell.xib */; };
		DB6397EE1EC31DD900E43EAA /* Storybordable.swift in Sources */ = {isa = PBXBuildFile; fileRef = DB6397ED1EC31DD900E43EAA /* Storybordable.swift */; };
		DB6397F11EC31E4A00E43EAA /* NSObjectProtocol+ClassName.swift in Sources */ = {isa = PBXBuildFile; fileRef = DB6397F01EC31E4A00E43EAA /* NSObjectProtocol+ClassName.swift */; };
		DB6397F31EC3236800E43EAA /* Nibable.swift in Sources */ = {isa = PBXBuildFile; fileRef = DB6397F21EC3236800E43EAA /* Nibable.swift */; };
		DB6397F51EC3261A00E43EAA /* UITableView+Cell.swift in Sources */ = {isa = PBXBuildFile; fileRef = DB6397F41EC3261A00E43EAA /* UITableView+Cell.swift */; };
		DB6B586B1ECC492000681A16 /* GithubResponse.swift in Sources */ = {isa = PBXBuildFile; fileRef = DB6B586A1ECC492000681A16 /* GithubResponse.swift */; };
		DB6B586E1ECC887C00681A16 /* GithubSearchReponse.swift in Sources */ = {isa = PBXBuildFile; fileRef = DB6B586D1ECC887C00681A16 /* GithubSearchReponse.swift */; };
		DB6B58721ECC895500681A16 /* GithubRequest.swift in Sources */ = {isa = PBXBuildFile; fileRef = DB6B58711ECC895500681A16 /* GithubRequest.swift */; };
		DB6B58741ECC8E5800681A16 /* GithubSearchUserRequest.swift in Sources */ = {isa = PBXBuildFile; fileRef = DB6B58731ECC8E5800681A16 /* GithubSearchUserRequest.swift */; };
		DB6B58771ECC8ED900681A16 /* GithubUser.swift in Sources */ = {isa = PBXBuildFile; fileRef = DB6B58761ECC8ED900681A16 /* GithubUser.swift */; };
		DB6B58791ECDC39A00681A16 /* GithubSession.swift in Sources */ = {isa = PBXBuildFile; fileRef = DB6B58781ECDC39A00681A16 /* GithubSession.swift */; };
		DB6B587C1ECDCC5400681A16 /* SearchUserViewModel.swift in Sources */ = {isa = PBXBuildFile; fileRef = DB6B587B1ECDCC5400681A16 /* SearchUserViewModel.swift */; };
		DBAE6DC11EBF0AC1004EF6DE /* AppDelegate.swift in Sources */ = {isa = PBXBuildFile; fileRef = DBAE6DC01EBF0AC1004EF6DE /* AppDelegate.swift */; };
		DBAE6DC61EBF0AC1004EF6DE /* Main.storyboard in Resources */ = {isa = PBXBuildFile; fileRef = DBAE6DC41EBF0AC1004EF6DE /* Main.storyboard */; };
		DBAE6DC81EBF0AC1004EF6DE /* Assets.xcassets in Resources */ = {isa = PBXBuildFile; fileRef = DBAE6DC71EBF0AC1004EF6DE /* Assets.xcassets */; };
		DBAE6DCB1EBF0AC1004EF6DE /* LaunchScreen.storyboard in Resources */ = {isa = PBXBuildFile; fileRef = DBAE6DC91EBF0AC1004EF6DE /* LaunchScreen.storyboard */; };
		DBAE6DD61EBF0AC1004EF6DE /* RxTestTests.swift in Sources */ = {isa = PBXBuildFile; fileRef = DBAE6DD51EBF0AC1004EF6DE /* RxTestTests.swift */; };
		DBAE6DE11EBF0AC1004EF6DE /* RxTestUITests.swift in Sources */ = {isa = PBXBuildFile; fileRef = DBAE6DE01EBF0AC1004EF6DE /* RxTestUITests.swift */; };
		FCBC71C08F8CB5A09F84EB77 /* Pods_RxTest.framework in Frameworks */ = {isa = PBXBuildFile; fileRef = 0BE1B13B7C56FCEA573F0AE7 /* Pods_RxTest.framework */; };
/* End PBXBuildFile section */

/* Begin PBXContainerItemProxy section */
		DBAE6DD21EBF0AC1004EF6DE /* PBXContainerItemProxy */ = {
			isa = PBXContainerItemProxy;
			containerPortal = DBAE6DB51EBF0AC1004EF6DE /* Project object */;
			proxyType = 1;
			remoteGlobalIDString = DBAE6DBC1EBF0AC1004EF6DE;
			remoteInfo = RxTest;
		};
		DBAE6DDD1EBF0AC1004EF6DE /* PBXContainerItemProxy */ = {
			isa = PBXContainerItemProxy;
			containerPortal = DBAE6DB51EBF0AC1004EF6DE /* Project object */;
			proxyType = 1;
			remoteGlobalIDString = DBAE6DBC1EBF0AC1004EF6DE;
			remoteInfo = RxTest;
		};
/* End PBXContainerItemProxy section */

/* Begin PBXFileReference section */
		09D3D308E5AB0576F9C2947C /* Pods-RxTestTests.release.xcconfig */ = {isa = PBXFileReference; includeInIndex = 1; lastKnownFileType = text.xcconfig; name = "Pods-RxTestTests.release.xcconfig"; path = "Pods/Target Support Files/Pods-RxTestTests/Pods-RxTestTests.release.xcconfig"; sourceTree = "<group>"; };
		0BE1B13B7C56FCEA573F0AE7 /* Pods_RxTest.framework */ = {isa = PBXFileReference; explicitFileType = wrapper.framework; includeInIndex = 0; path = Pods_RxTest.framework; sourceTree = BUILT_PRODUCTS_DIR; };
		2214EA7EA8BF96594DFA0E8A /* Pods_RxTestUITests.framework */ = {isa = PBXFileReference; explicitFileType = wrapper.framework; includeInIndex = 0; path = Pods_RxTestUITests.framework; sourceTree = BUILT_PRODUCTS_DIR; };
		7D16B3C85A160DEC48023440 /* Pods-RxTest.release.xcconfig */ = {isa = PBXFileReference; includeInIndex = 1; lastKnownFileType = text.xcconfig; name = "Pods-RxTest.release.xcconfig"; path = "Pods/Target Support Files/Pods-RxTest/Pods-RxTest.release.xcconfig"; sourceTree = "<group>"; };
		A5A88E6460A33AADBA84A5D7 /* Pods-RxTestUITests.release.xcconfig */ = {isa = PBXFileReference; includeInIndex = 1; lastKnownFileType = text.xcconfig; name = "Pods-RxTestUITests.release.xcconfig"; path = "Pods/Target Support Files/Pods-RxTestUITests/Pods-RxTestUITests.release.xcconfig"; sourceTree = "<group>"; };
		B2B0CD1F9BD37A5957B8B0FC /* Pods-RxTestTests.debug.xcconfig */ = {isa = PBXFileReference; includeInIndex = 1; lastKnownFileType = text.xcconfig; name = "Pods-RxTestTests.debug.xcconfig"; path = "Pods/Target Support Files/Pods-RxTestTests/Pods-RxTestTests.debug.xcconfig"; sourceTree = "<group>"; };
		DB2BE41A1EDA8C05007BAE50 /* UIColor+Github.swift */ = {isa = PBXFileReference; fileEncoding = 4; lastKnownFileType = sourcecode.swift; path = "UIColor+Github.swift"; sourceTree = "<group>"; };
		DB6397E11EC31BE200E43EAA /* SearchUserViewController.storyboard */ = {isa = PBXFileReference; fileEncoding = 4; lastKnownFileType = file.storyboard; path = SearchUserViewController.storyboard; sourceTree = "<group>"; };
		DB6397E31EC31BF900E43EAA /* SearchUserViewController.swift */ = {isa = PBXFileReference; fileEncoding = 4; lastKnownFileType = sourcecode.swift; path = SearchUserViewController.swift; sourceTree = "<group>"; };
		DB6397E81EC31D6800E43EAA /* GithubUserCell.swift */ = {isa = PBXFileReference; fileEncoding = 4; lastKnownFileType = sourcecode.swift; path = GithubUserCell.swift; sourceTree = "<group>"; };
		DB6397E91EC31D6800E43EAA /* GithubUserCell.xib */ = {isa = PBXFileReference; fileEncoding = 4; lastKnownFileType = file.xib; path = GithubUserCell.xib; sourceTree = "<group>"; };
		DB6397ED1EC31DD900E43EAA /* Storybordable.swift */ = {isa = PBXFileReference; fileEncoding = 4; lastKnownFileType = sourcecode.swift; path = Storybordable.swift; sourceTree = "<group>"; };
		DB6397F01EC31E4A00E43EAA /* NSObjectProtocol+ClassName.swift */ = {isa = PBXFileReference; fileEncoding = 4; lastKnownFileType = sourcecode.swift; path = "NSObjectProtocol+ClassName.swift"; sourceTree = "<group>"; };
		DB6397F21EC3236800E43EAA /* Nibable.swift */ = {isa = PBXFileReference; fileEncoding = 4; lastKnownFileType = sourcecode.swift; path = Nibable.swift; sourceTree = "<group>"; };
		DB6397F41EC3261A00E43EAA /* UITableView+Cell.swift */ = {isa = PBXFileReference; fileEncoding = 4; lastKnownFileType = sourcecode.swift; path = "UITableView+Cell.swift"; sourceTree = "<group>"; };
		DB6B586A1ECC492000681A16 /* GithubResponse.swift */ = {isa = PBXFileReference; fileEncoding = 4; lastKnownFileType = sourcecode.swift; path = GithubResponse.swift; sourceTree = "<group>"; };
		DB6B586D1ECC887C00681A16 /* GithubSearchReponse.swift */ = {isa = PBXFileReference; fileEncoding = 4; lastKnownFileType = sourcecode.swift; path = GithubSearchReponse.swift; sourceTree = "<group>"; };
		DB6B58711ECC895500681A16 /* GithubRequest.swift */ = {isa = PBXFileReference; fileEncoding = 4; lastKnownFileType = sourcecode.swift; path = GithubRequest.swift; sourceTree = "<group>"; };
		DB6B58731ECC8E5800681A16 /* GithubSearchUserRequest.swift */ = {isa = PBXFileReference; fileEncoding = 4; lastKnownFileType = sourcecode.swift; path = GithubSearchUserRequest.swift; sourceTree = "<group>"; };
		DB6B58761ECC8ED900681A16 /* GithubUser.swift */ = {isa = PBXFileReference; fileEncoding = 4; lastKnownFileType = sourcecode.swift; path = GithubUser.swift; sourceTree = "<group>"; };
		DB6B58781ECDC39A00681A16 /* GithubSession.swift */ = {isa = PBXFileReference; fileEncoding = 4; lastKnownFileType = sourcecode.swift; path = GithubSession.swift; sourceTree = "<group>"; };
		DB6B587B1ECDCC5400681A16 /* SearchUserViewModel.swift */ = {isa = PBXFileReference; fileEncoding = 4; lastKnownFileType = sourcecode.swift; path = SearchUserViewModel.swift; sourceTree = "<group>"; };
		DBAE6DBD1EBF0AC1004EF6DE /* RxTest.app */ = {isa = PBXFileReference; explicitFileType = wrapper.application; includeInIndex = 0; path = RxTest.app; sourceTree = BUILT_PRODUCTS_DIR; };
		DBAE6DC01EBF0AC1004EF6DE /* AppDelegate.swift */ = {isa = PBXFileReference; lastKnownFileType = sourcecode.swift; path = AppDelegate.swift; sourceTree = "<group>"; };
		DBAE6DC51EBF0AC1004EF6DE /* Base */ = {isa = PBXFileReference; lastKnownFileType = file.storyboard; name = Base; path = Base.lproj/Main.storyboard; sourceTree = "<group>"; };
		DBAE6DC71EBF0AC1004EF6DE /* Assets.xcassets */ = {isa = PBXFileReference; lastKnownFileType = folder.assetcatalog; path = Assets.xcassets; sourceTree = "<group>"; };
		DBAE6DCA1EBF0AC1004EF6DE /* Base */ = {isa = PBXFileReference; lastKnownFileType = file.storyboard; name = Base; path = Base.lproj/LaunchScreen.storyboard; sourceTree = "<group>"; };
		DBAE6DCC1EBF0AC1004EF6DE /* Info.plist */ = {isa = PBXFileReference; lastKnownFileType = text.plist.xml; path = Info.plist; sourceTree = "<group>"; };
		DBAE6DD11EBF0AC1004EF6DE /* RxTestTests.xctest */ = {isa = PBXFileReference; explicitFileType = wrapper.cfbundle; includeInIndex = 0; path = RxTestTests.xctest; sourceTree = BUILT_PRODUCTS_DIR; };
		DBAE6DD51EBF0AC1004EF6DE /* RxTestTests.swift */ = {isa = PBXFileReference; lastKnownFileType = sourcecode.swift; path = RxTestTests.swift; sourceTree = "<group>"; };
		DBAE6DD71EBF0AC1004EF6DE /* Info.plist */ = {isa = PBXFileReference; lastKnownFileType = text.plist.xml; path = Info.plist; sourceTree = "<group>"; };
		DBAE6DDC1EBF0AC1004EF6DE /* RxTestUITests.xctest */ = {isa = PBXFileReference; explicitFileType = wrapper.cfbundle; includeInIndex = 0; path = RxTestUITests.xctest; sourceTree = BUILT_PRODUCTS_DIR; };
		DBAE6DE01EBF0AC1004EF6DE /* RxTestUITests.swift */ = {isa = PBXFileReference; lastKnownFileType = sourcecode.swift; path = RxTestUITests.swift; sourceTree = "<group>"; };
		DBAE6DE21EBF0AC1004EF6DE /* Info.plist */ = {isa = PBXFileReference; lastKnownFileType = text.plist.xml; path = Info.plist; sourceTree = "<group>"; };
		E9B62DA0C8E3613122744173 /* Pods-RxTestUITests.debug.xcconfig */ = {isa = PBXFileReference; includeInIndex = 1; lastKnownFileType = text.xcconfig; name = "Pods-RxTestUITests.debug.xcconfig"; path = "Pods/Target Support Files/Pods-RxTestUITests/Pods-RxTestUITests.debug.xcconfig"; sourceTree = "<group>"; };
		F09380F1D02B8CEA63856143 /* Pods_RxTestTests.framework */ = {isa = PBXFileReference; explicitFileType = wrapper.framework; includeInIndex = 0; path = Pods_RxTestTests.framework; sourceTree = BUILT_PRODUCTS_DIR; };
		F1CDE06E4E2F7AB6C251E6DE /* Pods-RxTest.debug.xcconfig */ = {isa = PBXFileReference; includeInIndex = 1; lastKnownFileType = text.xcconfig; name = "Pods-RxTest.debug.xcconfig"; path = "Pods/Target Support Files/Pods-RxTest/Pods-RxTest.debug.xcconfig"; sourceTree = "<group>"; };
/* End PBXFileReference section */

/* Begin PBXFrameworksBuildPhase section */
		DBAE6DBA1EBF0AC1004EF6DE /* Frameworks */ = {
			isa = PBXFrameworksBuildPhase;
			buildActionMask = 2147483647;
			files = (
				FCBC71C08F8CB5A09F84EB77 /* Pods_RxTest.framework in Frameworks */,
			);
			runOnlyForDeploymentPostprocessing = 0;
		};
		DBAE6DCE1EBF0AC1004EF6DE /* Frameworks */ = {
			isa = PBXFrameworksBuildPhase;
			buildActionMask = 2147483647;
			files = (
				DA191D011C998E15C037AC8B /* Pods_RxTestTests.framework in Frameworks */,
			);
			runOnlyForDeploymentPostprocessing = 0;
		};
		DBAE6DD91EBF0AC1004EF6DE /* Frameworks */ = {
			isa = PBXFrameworksBuildPhase;
			buildActionMask = 2147483647;
			files = (
				B1A9583DCF68E385B63CA1D3 /* Pods_RxTestUITests.framework in Frameworks */,
			);
			runOnlyForDeploymentPostprocessing = 0;
		};
/* End PBXFrameworksBuildPhase section */

/* Begin PBXGroup section */
		23DFEA2087D90EBCF91E5368 /* Frameworks */ = {
			isa = PBXGroup;
			children = (
				0BE1B13B7C56FCEA573F0AE7 /* Pods_RxTest.framework */,
				F09380F1D02B8CEA63856143 /* Pods_RxTestTests.framework */,
				2214EA7EA8BF96594DFA0E8A /* Pods_RxTestUITests.framework */,
			);
			name = Frameworks;
			sourceTree = "<group>";
		};
		DB2BC6E51ECC29C900B6A128 /* API */ = {
			isa = PBXGroup;
			children = (
				DB6B58701ECC893F00681A16 /* Request */,
				DB6B586C1ECC49DE00681A16 /* Response */,
				DB6B58781ECDC39A00681A16 /* GithubSession.swift */,
			);
			name = API;
			sourceTree = "<group>";
		};
		DB6397E01EC31BB400E43EAA /* ViewController */ = {
			isa = PBXGroup;
			children = (
				DB6397E11EC31BE200E43EAA /* SearchUserViewController.storyboard */,
				DB6397E31EC31BF900E43EAA /* SearchUserViewController.swift */,
			);
			name = ViewController;
			sourceTree = "<group>";
		};
		DB6397E51EC31CFC00E43EAA /* View */ = {
			isa = PBXGroup;
			children = (
				DB6397E81EC31D6800E43EAA /* GithubUserCell.swift */,
				DB6397E91EC31D6800E43EAA /* GithubUserCell.xib */,
			);
			name = View;
			sourceTree = "<group>";
		};
		DB6397EC1EC31DBC00E43EAA /* protocol */ = {
			isa = PBXGroup;
			children = (
				DB6397ED1EC31DD900E43EAA /* Storybordable.swift */,
				DB6397F21EC3236800E43EAA /* Nibable.swift */,
			);
			name = protocol;
			sourceTree = "<group>";
		};
		DB6397EF1EC31E2F00E43EAA /* Extension */ = {
			isa = PBXGroup;
			children = (
				DB6397F01EC31E4A00E43EAA /* NSObjectProtocol+ClassName.swift */,
				DB6397F41EC3261A00E43EAA /* UITableView+Cell.swift */,
				DB2BE41A1EDA8C05007BAE50 /* UIColor+Github.swift */,
			);
			name = Extension;
			sourceTree = "<group>";
		};
		DB6B586C1ECC49DE00681A16 /* Response */ = {
			isa = PBXGroup;
			children = (
				DB6B586A1ECC492000681A16 /* GithubResponse.swift */,
				DB6B586D1ECC887C00681A16 /* GithubSearchReponse.swift */,
			);
			name = Response;
			sourceTree = "<group>";
		};
		DB6B58701ECC893F00681A16 /* Request */ = {
			isa = PBXGroup;
			children = (
				DB6B58711ECC895500681A16 /* GithubRequest.swift */,
				DB6B58731ECC8E5800681A16 /* GithubSearchUserRequest.swift */,
			);
			name = Request;
			sourceTree = "<group>";
		};
		DB6B58751ECC8EC100681A16 /* Model */ = {
			isa = PBXGroup;
			children = (
				DB6B58761ECC8ED900681A16 /* GithubUser.swift */,
			);
			name = Model;
			sourceTree = "<group>";
		};
		DB6B587A1ECDCC2E00681A16 /* ViewModel */ = {
			isa = PBXGroup;
			children = (
				DB6B587B1ECDCC5400681A16 /* SearchUserViewModel.swift */,
			);
			name = ViewModel;
			sourceTree = "<group>";
		};
		DBAE6DB41EBF0AC1004EF6DE = {
			isa = PBXGroup;
			children = (
				DBAE6DBF1EBF0AC1004EF6DE /* RxTest */,
				DBAE6DD41EBF0AC1004EF6DE /* RxTestTests */,
				DBAE6DDF1EBF0AC1004EF6DE /* RxTestUITests */,
				DBAE6DBE1EBF0AC1004EF6DE /* Products */,
				F2209E223AA5482CDA94AB90 /* Pods */,
				23DFEA2087D90EBCF91E5368 /* Frameworks */,
			);
			sourceTree = "<group>";
		};
		DBAE6DBE1EBF0AC1004EF6DE /* Products */ = {
			isa = PBXGroup;
			children = (
				DBAE6DBD1EBF0AC1004EF6DE /* RxTest.app */,
				DBAE6DD11EBF0AC1004EF6DE /* RxTestTests.xctest */,
				DBAE6DDC1EBF0AC1004EF6DE /* RxTestUITests.xctest */,
			);
			name = Products;
			sourceTree = "<group>";
		};
		DBAE6DBF1EBF0AC1004EF6DE /* RxTest */ = {
			isa = PBXGroup;
			children = (
				DBAE6DC01EBF0AC1004EF6DE /* AppDelegate.swift */,
				DBAE6DC41EBF0AC1004EF6DE /* Main.storyboard */,
				DB2BC6E51ECC29C900B6A128 /* API */,
				DB6397EF1EC31E2F00E43EAA /* Extension */,
				DB6B58751ECC8EC100681A16 /* Model */,
				DB6397EC1EC31DBC00E43EAA /* protocol */,
				DB6397E51EC31CFC00E43EAA /* View */,
				DB6397E01EC31BB400E43EAA /* ViewController */,
				DB6B587A1ECDCC2E00681A16 /* ViewModel */,
				DBAE6DC71EBF0AC1004EF6DE /* Assets.xcassets */,
				DBAE6DC91EBF0AC1004EF6DE /* LaunchScreen.storyboard */,
				DBAE6DCC1EBF0AC1004EF6DE /* Info.plist */,
			);
			path = RxTest;
			sourceTree = "<group>";
		};
		DBAE6DD41EBF0AC1004EF6DE /* RxTestTests */ = {
			isa = PBXGroup;
			children = (
				DBAE6DD51EBF0AC1004EF6DE /* RxTestTests.swift */,
				DBAE6DD71EBF0AC1004EF6DE /* Info.plist */,
			);
			path = RxTestTests;
			sourceTree = "<group>";
		};
		DBAE6DDF1EBF0AC1004EF6DE /* RxTestUITests */ = {
			isa = PBXGroup;
			children = (
				DBAE6DE01EBF0AC1004EF6DE /* RxTestUITests.swift */,
				DBAE6DE21EBF0AC1004EF6DE /* Info.plist */,
			);
			path = RxTestUITests;
			sourceTree = "<group>";
		};
		F2209E223AA5482CDA94AB90 /* Pods */ = {
			isa = PBXGroup;
			children = (
				F1CDE06E4E2F7AB6C251E6DE /* Pods-RxTest.debug.xcconfig */,
				7D16B3C85A160DEC48023440 /* Pods-RxTest.release.xcconfig */,
				B2B0CD1F9BD37A5957B8B0FC /* Pods-RxTestTests.debug.xcconfig */,
				09D3D308E5AB0576F9C2947C /* Pods-RxTestTests.release.xcconfig */,
				E9B62DA0C8E3613122744173 /* Pods-RxTestUITests.debug.xcconfig */,
				A5A88E6460A33AADBA84A5D7 /* Pods-RxTestUITests.release.xcconfig */,
			);
			name = Pods;
			sourceTree = "<group>";
		};
/* End PBXGroup section */

/* Begin PBXNativeTarget section */
		DBAE6DBC1EBF0AC1004EF6DE /* RxTest */ = {
			isa = PBXNativeTarget;
			buildConfigurationList = DBAE6DE51EBF0AC1004EF6DE /* Build configuration list for PBXNativeTarget "RxTest" */;
			buildPhases = (
				E67C8108AB54809EEB0A7661 /* [CP] Check Pods Manifest.lock */,
				DBAE6DB91EBF0AC1004EF6DE /* Sources */,
				DBAE6DBA1EBF0AC1004EF6DE /* Frameworks */,
				DBAE6DBB1EBF0AC1004EF6DE /* Resources */,
				ADFFB2C114960ABBCA520522 /* [CP] Embed Pods Frameworks */,
				FADB66DF5C1B01062DF18DA7 /* [CP] Copy Pods Resources */,
			);
			buildRules = (
			);
			dependencies = (
			);
			name = RxTest;
			productName = RxTest;
			productReference = DBAE6DBD1EBF0AC1004EF6DE /* RxTest.app */;
			productType = "com.apple.product-type.application";
		};
		DBAE6DD01EBF0AC1004EF6DE /* RxTestTests */ = {
			isa = PBXNativeTarget;
			buildConfigurationList = DBAE6DE81EBF0AC1004EF6DE /* Build configuration list for PBXNativeTarget "RxTestTests" */;
			buildPhases = (
				2398E87A6B860922B98CFA37 /* [CP] Check Pods Manifest.lock */,
				DBAE6DCD1EBF0AC1004EF6DE /* Sources */,
				DBAE6DCE1EBF0AC1004EF6DE /* Frameworks */,
				DBAE6DCF1EBF0AC1004EF6DE /* Resources */,
				2394F9F36DECEFD28654E3D8 /* [CP] Embed Pods Frameworks */,
				BA178F8B1A0832D7B57E0587 /* [CP] Copy Pods Resources */,
			);
			buildRules = (
			);
			dependencies = (
				DBAE6DD31EBF0AC1004EF6DE /* PBXTargetDependency */,
			);
			name = RxTestTests;
			productName = RxTestTests;
			productReference = DBAE6DD11EBF0AC1004EF6DE /* RxTestTests.xctest */;
			productType = "com.apple.product-type.bundle.unit-test";
		};
		DBAE6DDB1EBF0AC1004EF6DE /* RxTestUITests */ = {
			isa = PBXNativeTarget;
			buildConfigurationList = DBAE6DEB1EBF0AC1004EF6DE /* Build configuration list for PBXNativeTarget "RxTestUITests" */;
			buildPhases = (
				B0888D8C954AFC0BC3039368 /* [CP] Check Pods Manifest.lock */,
				DBAE6DD81EBF0AC1004EF6DE /* Sources */,
				DBAE6DD91EBF0AC1004EF6DE /* Frameworks */,
				DBAE6DDA1EBF0AC1004EF6DE /* Resources */,
				80AA002ACA5B483C4755BC5C /* [CP] Embed Pods Frameworks */,
				B44F683F63EB4B8C3A0C04DC /* [CP] Copy Pods Resources */,
			);
			buildRules = (
			);
			dependencies = (
				DBAE6DDE1EBF0AC1004EF6DE /* PBXTargetDependency */,
			);
			name = RxTestUITests;
			productName = RxTestUITests;
			productReference = DBAE6DDC1EBF0AC1004EF6DE /* RxTestUITests.xctest */;
			productType = "com.apple.product-type.bundle.ui-testing";
		};
/* End PBXNativeTarget section */

/* Begin PBXProject section */
		DBAE6DB51EBF0AC1004EF6DE /* Project object */ = {
			isa = PBXProject;
			attributes = {
				LastSwiftUpdateCheck = 0830;
				LastUpgradeCheck = 0830;
				ORGANIZATIONNAME = TakaoHoriguchi;
				TargetAttributes = {
					DBAE6DBC1EBF0AC1004EF6DE = {
						CreatedOnToolsVersion = 8.3.2;
						DevelopmentTeam = J5WW4LM3TV;
						ProvisioningStyle = Automatic;
					};
					DBAE6DD01EBF0AC1004EF6DE = {
						CreatedOnToolsVersion = 8.3.2;
						DevelopmentTeam = J5WW4LM3TV;
						ProvisioningStyle = Automatic;
						TestTargetID = DBAE6DBC1EBF0AC1004EF6DE;
					};
					DBAE6DDB1EBF0AC1004EF6DE = {
						CreatedOnToolsVersion = 8.3.2;
						DevelopmentTeam = J5WW4LM3TV;
						ProvisioningStyle = Automatic;
						TestTargetID = DBAE6DBC1EBF0AC1004EF6DE;
					};
				};
			};
			buildConfigurationList = DBAE6DB81EBF0AC1004EF6DE /* Build configuration list for PBXProject "RxTest" */;
			compatibilityVersion = "Xcode 3.2";
			developmentRegion = English;
			hasScannedForEncodings = 0;
			knownRegions = (
				en,
				Base,
			);
			mainGroup = DBAE6DB41EBF0AC1004EF6DE;
			productRefGroup = DBAE6DBE1EBF0AC1004EF6DE /* Products */;
			projectDirPath = "";
			projectRoot = "";
			targets = (
				DBAE6DBC1EBF0AC1004EF6DE /* RxTest */,
				DBAE6DD01EBF0AC1004EF6DE /* RxTestTests */,
				DBAE6DDB1EBF0AC1004EF6DE /* RxTestUITests */,
			);
		};
/* End PBXProject section */

/* Begin PBXResourcesBuildPhase section */
		DBAE6DBB1EBF0AC1004EF6DE /* Resources */ = {
			isa = PBXResourcesBuildPhase;
			buildActionMask = 2147483647;
			files = (
				DBAE6DCB1EBF0AC1004EF6DE /* LaunchScreen.storyboard in Resources */,
				DB6397EB1EC31D6800E43EAA /* GithubUserCell.xib in Resources */,
				DBAE6DC81EBF0AC1004EF6DE /* Assets.xcassets in Resources */,
				DB6397E21EC31BE200E43EAA /* SearchUserViewController.storyboard in Resources */,
				DBAE6DC61EBF0AC1004EF6DE /* Main.storyboard in Resources */,
			);
			runOnlyForDeploymentPostprocessing = 0;
		};
		DBAE6DCF1EBF0AC1004EF6DE /* Resources */ = {
			isa = PBXResourcesBuildPhase;
			buildActionMask = 2147483647;
			files = (
			);
			runOnlyForDeploymentPostprocessing = 0;
		};
		DBAE6DDA1EBF0AC1004EF6DE /* Resources */ = {
			isa = PBXResourcesBuildPhase;
			buildActionMask = 2147483647;
			files = (
			);
			runOnlyForDeploymentPostprocessing = 0;
		};
/* End PBXResourcesBuildPhase section */

/* Begin PBXShellScriptBuildPhase section */
		2394F9F36DECEFD28654E3D8 /* [CP] Embed Pods Frameworks */ = {
			isa = PBXShellScriptBuildPhase;
			buildActionMask = 2147483647;
			files = (
			);
			inputPaths = (
			);
			name = "[CP] Embed Pods Frameworks";
			outputPaths = (
			);
			runOnlyForDeploymentPostprocessing = 0;
			shellPath = /bin/sh;
			shellScript = "\"${SRCROOT}/Pods/Target Support Files/Pods-RxTestTests/Pods-RxTestTests-frameworks.sh\"\n";
			showEnvVarsInLog = 0;
		};
		2398E87A6B860922B98CFA37 /* [CP] Check Pods Manifest.lock */ = {
			isa = PBXShellScriptBuildPhase;
			buildActionMask = 2147483647;
			files = (
			);
			inputPaths = (
			);
			name = "[CP] Check Pods Manifest.lock";
			outputPaths = (
			);
			runOnlyForDeploymentPostprocessing = 0;
			shellPath = /bin/sh;
			shellScript = "diff \"${PODS_ROOT}/../Podfile.lock\" \"${PODS_ROOT}/Manifest.lock\" > /dev/null\nif [ $? != 0 ] ; then\n    # print error to STDERR\n    echo \"error: The sandbox is not in sync with the Podfile.lock. Run 'pod install' or update your CocoaPods installation.\" >&2\n    exit 1\nfi\n";
			showEnvVarsInLog = 0;
		};
		80AA002ACA5B483C4755BC5C /* [CP] Embed Pods Frameworks */ = {
			isa = PBXShellScriptBuildPhase;
			buildActionMask = 2147483647;
			files = (
			);
			inputPaths = (
			);
			name = "[CP] Embed Pods Frameworks";
			outputPaths = (
			);
			runOnlyForDeploymentPostprocessing = 0;
			shellPath = /bin/sh;
			shellScript = "\"${SRCROOT}/Pods/Target Support Files/Pods-RxTestUITests/Pods-RxTestUITests-frameworks.sh\"\n";
			showEnvVarsInLog = 0;
		};
		ADFFB2C114960ABBCA520522 /* [CP] Embed Pods Frameworks */ = {
			isa = PBXShellScriptBuildPhase;
			buildActionMask = 2147483647;
			files = (
			);
			inputPaths = (
			);
			name = "[CP] Embed Pods Frameworks";
			outputPaths = (
			);
			runOnlyForDeploymentPostprocessing = 0;
			shellPath = /bin/sh;
			shellScript = "\"${SRCROOT}/Pods/Target Support Files/Pods-RxTest/Pods-RxTest-frameworks.sh\"\n";
			showEnvVarsInLog = 0;
		};
		B0888D8C954AFC0BC3039368 /* [CP] Check Pods Manifest.lock */ = {
			isa = PBXShellScriptBuildPhase;
			buildActionMask = 2147483647;
			files = (
			);
			inputPaths = (
			);
			name = "[CP] Check Pods Manifest.lock";
			outputPaths = (
			);
			runOnlyForDeploymentPostprocessing = 0;
			shellPath = /bin/sh;
			shellScript = "diff \"${PODS_ROOT}/../Podfile.lock\" \"${PODS_ROOT}/Manifest.lock\" > /dev/null\nif [ $? != 0 ] ; then\n    # print error to STDERR\n    echo \"error: The sandbox is not in sync with the Podfile.lock. Run 'pod install' or update your CocoaPods installation.\" >&2\n    exit 1\nfi\n";
			showEnvVarsInLog = 0;
		};
		B44F683F63EB4B8C3A0C04DC /* [CP] Copy Pods Resources */ = {
			isa = PBXShellScriptBuildPhase;
			buildActionMask = 2147483647;
			files = (
			);
			inputPaths = (
			);
			name = "[CP] Copy Pods Resources";
			outputPaths = (
			);
			runOnlyForDeploymentPostprocessing = 0;
			shellPath = /bin/sh;
			shellScript = "\"${SRCROOT}/Pods/Target Support Files/Pods-RxTestUITests/Pods-RxTestUITests-resources.sh\"\n";
			showEnvVarsInLog = 0;
		};
		BA178F8B1A0832D7B57E0587 /* [CP] Copy Pods Resources */ = {
			isa = PBXShellScriptBuildPhase;
			buildActionMask = 2147483647;
			files = (
			);
			inputPaths = (
			);
			name = "[CP] Copy Pods Resources";
			outputPaths = (
			);
			runOnlyForDeploymentPostprocessing = 0;
			shellPath = /bin/sh;
			shellScript = "\"${SRCROOT}/Pods/Target Support Files/Pods-RxTestTests/Pods-RxTestTests-resources.sh\"\n";
			showEnvVarsInLog = 0;
		};
		E67C8108AB54809EEB0A7661 /* [CP] Check Pods Manifest.lock */ = {
			isa = PBXShellScriptBuildPhase;
			buildActionMask = 2147483647;
			files = (
			);
			inputPaths = (
			);
			name = "[CP] Check Pods Manifest.lock";
			outputPaths = (
			);
			runOnlyForDeploymentPostprocessing = 0;
			shellPath = /bin/sh;
			shellScript = "diff \"${PODS_ROOT}/../Podfile.lock\" \"${PODS_ROOT}/Manifest.lock\" > /dev/null\nif [ $? != 0 ] ; then\n    # print error to STDERR\n    echo \"error: The sandbox is not in sync with the Podfile.lock. Run 'pod install' or update your CocoaPods installation.\" >&2\n    exit 1\nfi\n";
			showEnvVarsInLog = 0;
		};
		FADB66DF5C1B01062DF18DA7 /* [CP] Copy Pods Resources */ = {
			isa = PBXShellScriptBuildPhase;
			buildActionMask = 2147483647;
			files = (
			);
			inputPaths = (
			);
			name = "[CP] Copy Pods Resources";
			outputPaths = (
			);
			runOnlyForDeploymentPostprocessing = 0;
			shellPath = /bin/sh;
			shellScript = "\"${SRCROOT}/Pods/Target Support Files/Pods-RxTest/Pods-RxTest-resources.sh\"\n";
			showEnvVarsInLog = 0;
		};
/* End PBXShellScriptBuildPhase section */

/* Begin PBXSourcesBuildPhase section */
		DBAE6DB91EBF0AC1004EF6DE /* Sources */ = {
			isa = PBXSourcesBuildPhase;
			buildActionMask = 2147483647;
			files = (
				DB6B58741ECC8E5800681A16 /* GithubSearchUserRequest.swift in Sources */,
				DB6B58771ECC8ED900681A16 /* GithubUser.swift in Sources */,
				DB2BE41B1EDA8C05007BAE50 /* UIColor+Github.swift in Sources */,
				DB6397F51EC3261A00E43EAA /* UITableView+Cell.swift in Sources */,
				DB6B586B1ECC492000681A16 /* GithubResponse.swift in Sources */,
				DBAE6DC11EBF0AC1004EF6DE /* AppDelegate.swift in Sources */,
				DB6B58791ECDC39A00681A16 /* GithubSession.swift in Sources */,
				DB6397F31EC3236800E43EAA /* Nibable.swift in Sources */,
				DB6B58721ECC895500681A16 /* GithubRequest.swift in Sources */,
				DB6397EA1EC31D6800E43EAA /* GithubUserCell.swift in Sources */,
				DB6B586E1ECC887C00681A16 /* GithubSearchReponse.swift in Sources */,
				DB6397F11EC31E4A00E43EAA /* NSObjectProtocol+ClassName.swift in Sources */,
				DB6B587C1ECDCC5400681A16 /* SearchUserViewModel.swift in Sources */,
				DB6397EE1EC31DD900E43EAA /* Storybordable.swift in Sources */,
				DB6397E41EC31BF900E43EAA /* SearchUserViewController.swift in Sources */,
			);
			runOnlyForDeploymentPostprocessing = 0;
		};
		DBAE6DCD1EBF0AC1004EF6DE /* Sources */ = {
			isa = PBXSourcesBuildPhase;
			buildActionMask = 2147483647;
			files = (
				DBAE6DD61EBF0AC1004EF6DE /* RxTestTests.swift in Sources */,
			);
			runOnlyForDeploymentPostprocessing = 0;
		};
		DBAE6DD81EBF0AC1004EF6DE /* Sources */ = {
			isa = PBXSourcesBuildPhase;
			buildActionMask = 2147483647;
			files = (
				DBAE6DE11EBF0AC1004EF6DE /* RxTestUITests.swift in Sources */,
			);
			runOnlyForDeploymentPostprocessing = 0;
		};
/* End PBXSourcesBuildPhase section */

/* Begin PBXTargetDependency section */
		DBAE6DD31EBF0AC1004EF6DE /* PBXTargetDependency */ = {
			isa = PBXTargetDependency;
			target = DBAE6DBC1EBF0AC1004EF6DE /* RxTest */;
			targetProxy = DBAE6DD21EBF0AC1004EF6DE /* PBXContainerItemProxy */;
		};
		DBAE6DDE1EBF0AC1004EF6DE /* PBXTargetDependency */ = {
			isa = PBXTargetDependency;
			target = DBAE6DBC1EBF0AC1004EF6DE /* RxTest */;
			targetProxy = DBAE6DDD1EBF0AC1004EF6DE /* PBXContainerItemProxy */;
		};
/* End PBXTargetDependency section */

/* Begin PBXVariantGroup section */
		DBAE6DC41EBF0AC1004EF6DE /* Main.storyboard */ = {
			isa = PBXVariantGroup;
			children = (
				DBAE6DC51EBF0AC1004EF6DE /* Base */,
			);
			name = Main.storyboard;
			sourceTree = "<group>";
		};
		DBAE6DC91EBF0AC1004EF6DE /* LaunchScreen.storyboard */ = {
			isa = PBXVariantGroup;
			children = (
				DBAE6DCA1EBF0AC1004EF6DE /* Base */,
			);
			name = LaunchScreen.storyboard;
			sourceTree = "<group>";
		};
/* End PBXVariantGroup section */

/* Begin XCBuildConfiguration section */
		DBAE6DE31EBF0AC1004EF6DE /* Debug */ = {
			isa = XCBuildConfiguration;
			buildSettings = {
				ALWAYS_SEARCH_USER_PATHS = NO;
				CLANG_ANALYZER_NONNULL = YES;
				CLANG_ANALYZER_NUMBER_OBJECT_CONVERSION = YES_AGGRESSIVE;
				CLANG_CXX_LANGUAGE_STANDARD = "gnu++0x";
				CLANG_CXX_LIBRARY = "libc++";
				CLANG_ENABLE_MODULES = YES;
				CLANG_ENABLE_OBJC_ARC = YES;
				CLANG_WARN_BOOL_CONVERSION = YES;
				CLANG_WARN_CONSTANT_CONVERSION = YES;
				CLANG_WARN_DIRECT_OBJC_ISA_USAGE = YES_ERROR;
				CLANG_WARN_DOCUMENTATION_COMMENTS = YES;
				CLANG_WARN_EMPTY_BODY = YES;
				CLANG_WARN_ENUM_CONVERSION = YES;
				CLANG_WARN_INFINITE_RECURSION = YES;
				CLANG_WARN_INT_CONVERSION = YES;
				CLANG_WARN_OBJC_ROOT_CLASS = YES_ERROR;
				CLANG_WARN_SUSPICIOUS_MOVE = YES;
				CLANG_WARN_UNREACHABLE_CODE = YES;
				CLANG_WARN__DUPLICATE_METHOD_MATCH = YES;
				"CODE_SIGN_IDENTITY[sdk=iphoneos*]" = "iPhone Developer";
				COPY_PHASE_STRIP = NO;
				DEBUG_INFORMATION_FORMAT = dwarf;
				ENABLE_STRICT_OBJC_MSGSEND = YES;
				ENABLE_TESTABILITY = YES;
				GCC_C_LANGUAGE_STANDARD = gnu99;
				GCC_DYNAMIC_NO_PIC = NO;
				GCC_NO_COMMON_BLOCKS = YES;
				GCC_OPTIMIZATION_LEVEL = 0;
				GCC_PREPROCESSOR_DEFINITIONS = (
					"DEBUG=1",
					"$(inherited)",
				);
				GCC_WARN_64_TO_32_BIT_CONVERSION = YES;
				GCC_WARN_ABOUT_RETURN_TYPE = YES_ERROR;
				GCC_WARN_UNDECLARED_SELECTOR = YES;
				GCC_WARN_UNINITIALIZED_AUTOS = YES_AGGRESSIVE;
				GCC_WARN_UNUSED_FUNCTION = YES;
				GCC_WARN_UNUSED_VARIABLE = YES;
				IPHONEOS_DEPLOYMENT_TARGET = 10.3;
				MTL_ENABLE_DEBUG_INFO = YES;
				ONLY_ACTIVE_ARCH = YES;
				SDKROOT = iphoneos;
				SWIFT_ACTIVE_COMPILATION_CONDITIONS = DEBUG;
				SWIFT_OPTIMIZATION_LEVEL = "-Onone";
			};
			name = Debug;
		};
		DBAE6DE41EBF0AC1004EF6DE /* Release */ = {
			isa = XCBuildConfiguration;
			buildSettings = {
				ALWAYS_SEARCH_USER_PATHS = NO;
				CLANG_ANALYZER_NONNULL = YES;
				CLANG_ANALYZER_NUMBER_OBJECT_CONVERSION = YES_AGGRESSIVE;
				CLANG_CXX_LANGUAGE_STANDARD = "gnu++0x";
				CLANG_CXX_LIBRARY = "libc++";
				CLANG_ENABLE_MODULES = YES;
				CLANG_ENABLE_OBJC_ARC = YES;
				CLANG_WARN_BOOL_CONVERSION = YES;
				CLANG_WARN_CONSTANT_CONVERSION = YES;
				CLANG_WARN_DIRECT_OBJC_ISA_USAGE = YES_ERROR;
				CLANG_WARN_DOCUMENTATION_COMMENTS = YES;
				CLANG_WARN_EMPTY_BODY = YES;
				CLANG_WARN_ENUM_CONVERSION = YES;
				CLANG_WARN_INFINITE_RECURSION = YES;
				CLANG_WARN_INT_CONVERSION = YES;
				CLANG_WARN_OBJC_ROOT_CLASS = YES_ERROR;
				CLANG_WARN_SUSPICIOUS_MOVE = YES;
				CLANG_WARN_UNREACHABLE_CODE = YES;
				CLANG_WARN__DUPLICATE_METHOD_MATCH = YES;
				"CODE_SIGN_IDENTITY[sdk=iphoneos*]" = "iPhone Developer";
				COPY_PHASE_STRIP = NO;
				DEBUG_INFORMATION_FORMAT = "dwarf-with-dsym";
				ENABLE_NS_ASSERTIONS = NO;
				ENABLE_STRICT_OBJC_MSGSEND = YES;
				GCC_C_LANGUAGE_STANDARD = gnu99;
				GCC_NO_COMMON_BLOCKS = YES;
				GCC_WARN_64_TO_32_BIT_CONVERSION = YES;
				GCC_WARN_ABOUT_RETURN_TYPE = YES_ERROR;
				GCC_WARN_UNDECLARED_SELECTOR = YES;
				GCC_WARN_UNINITIALIZED_AUTOS = YES_AGGRESSIVE;
				GCC_WARN_UNUSED_FUNCTION = YES;
				GCC_WARN_UNUSED_VARIABLE = YES;
				IPHONEOS_DEPLOYMENT_TARGET = 10.3;
				MTL_ENABLE_DEBUG_INFO = NO;
				SDKROOT = iphoneos;
				SWIFT_OPTIMIZATION_LEVEL = "-Owholemodule";
				VALIDATE_PRODUCT = YES;
			};
			name = Release;
		};
		DBAE6DE61EBF0AC1004EF6DE /* Debug */ = {
			isa = XCBuildConfiguration;
			baseConfigurationReference = F1CDE06E4E2F7AB6C251E6DE /* Pods-RxTest.debug.xcconfig */;
			buildSettings = {
				ALWAYS_EMBED_SWIFT_STANDARD_LIBRARIES = "$(inherited)";
				ASSETCATALOG_COMPILER_APPICON_NAME = AppIcon;
				DEVELOPMENT_TEAM = J5WW4LM3TV;
				INFOPLIST_FILE = RxTest/Info.plist;
				LD_RUNPATH_SEARCH_PATHS = "$(inherited) @executable_path/Frameworks";
				PRODUCT_BUNDLE_IDENTIFIER = Takao.RxTest;
				PRODUCT_NAME = "$(TARGET_NAME)";
				SWIFT_VERSION = 3.0;
			};
			name = Debug;
		};
		DBAE6DE71EBF0AC1004EF6DE /* Release */ = {
			isa = XCBuildConfiguration;
			baseConfigurationReference = 7D16B3C85A160DEC48023440 /* Pods-RxTest.release.xcconfig */;
			buildSettings = {
				ALWAYS_EMBED_SWIFT_STANDARD_LIBRARIES = "$(inherited)";
				ASSETCATALOG_COMPILER_APPICON_NAME = AppIcon;
				DEVELOPMENT_TEAM = J5WW4LM3TV;
				INFOPLIST_FILE = RxTest/Info.plist;
				LD_RUNPATH_SEARCH_PATHS = "$(inherited) @executable_path/Frameworks";
				PRODUCT_BUNDLE_IDENTIFIER = Takao.RxTest;
				PRODUCT_NAME = "$(TARGET_NAME)";
				SWIFT_VERSION = 3.0;
			};
			name = Release;
		};
		DBAE6DE91EBF0AC1004EF6DE /* Debug */ = {
			isa = XCBuildConfiguration;
			baseConfigurationReference = B2B0CD1F9BD37A5957B8B0FC /* Pods-RxTestTests.debug.xcconfig */;
			buildSettings = {
				ALWAYS_EMBED_SWIFT_STANDARD_LIBRARIES = "$(inherited)";
				BUNDLE_LOADER = "$(TEST_HOST)";
				DEVELOPMENT_TEAM = J5WW4LM3TV;
				INFOPLIST_FILE = RxTestTests/Info.plist;
				LD_RUNPATH_SEARCH_PATHS = "$(inherited) @executable_path/Frameworks @loader_path/Frameworks";
				PRODUCT_BUNDLE_IDENTIFIER = Takao.RxTestTests;
				PRODUCT_NAME = "$(TARGET_NAME)";
				SWIFT_VERSION = 3.0;
				TEST_HOST = "$(BUILT_PRODUCTS_DIR)/RxTest.app/RxTest";
			};
			name = Debug;
		};
		DBAE6DEA1EBF0AC1004EF6DE /* Release */ = {
			isa = XCBuildConfiguration;
			baseConfigurationReference = 09D3D308E5AB0576F9C2947C /* Pods-RxTestTests.release.xcconfig */;
			buildSettings = {
				ALWAYS_EMBED_SWIFT_STANDARD_LIBRARIES = "$(inherited)";
				BUNDLE_LOADER = "$(TEST_HOST)";
				DEVELOPMENT_TEAM = J5WW4LM3TV;
				INFOPLIST_FILE = RxTestTests/Info.plist;
				LD_RUNPATH_SEARCH_PATHS = "$(inherited) @executable_path/Frameworks @loader_path/Frameworks";
				PRODUCT_BUNDLE_IDENTIFIER = Takao.RxTestTests;
				PRODUCT_NAME = "$(TARGET_NAME)";
				SWIFT_VERSION = 3.0;
				TEST_HOST = "$(BUILT_PRODUCTS_DIR)/RxTest.app/RxTest";
			};
			name = Release;
		};
		DBAE6DEC1EBF0AC1004EF6DE /* Debug */ = {
			isa = XCBuildConfiguration;
			baseConfigurationReference = E9B62DA0C8E3613122744173 /* Pods-RxTestUITests.debug.xcconfig */;
			buildSettings = {
				ALWAYS_EMBED_SWIFT_STANDARD_LIBRARIES = "$(inherited)";
				DEVELOPMENT_TEAM = J5WW4LM3TV;
				INFOPLIST_FILE = RxTestUITests/Info.plist;
				LD_RUNPATH_SEARCH_PATHS = "$(inherited) @executable_path/Frameworks @loader_path/Frameworks";
				PRODUCT_BUNDLE_IDENTIFIER = Takao.RxTestUITests;
				PRODUCT_NAME = "$(TARGET_NAME)";
				SWIFT_VERSION = 3.0;
				TEST_TARGET_NAME = RxTest;
			};
			name = Debug;
		};
		DBAE6DED1EBF0AC1004EF6DE /* Release */ = {
			isa = XCBuildConfiguration;
			baseConfigurationReference = A5A88E6460A33AADBA84A5D7 /* Pods-RxTestUITests.release.xcconfig */;
			buildSettings = {
				ALWAYS_EMBED_SWIFT_STANDARD_LIBRARIES = "$(inherited)";
				DEVELOPMENT_TEAM = J5WW4LM3TV;
				INFOPLIST_FILE = RxTestUITests/Info.plist;
				LD_RUNPATH_SEARCH_PATHS = "$(inherited) @executable_path/Frameworks @loader_path/Frameworks";
				PRODUCT_BUNDLE_IDENTIFIER = Takao.RxTestUITests;
				PRODUCT_NAME = "$(TARGET_NAME)";
				SWIFT_VERSION = 3.0;
				TEST_TARGET_NAME = RxTest;
			};
			name = Release;
		};
/* End XCBuildConfiguration section */

/* Begin XCConfigurationList section */
		DBAE6DB81EBF0AC1004EF6DE /* Build configuration list for PBXProject "RxTest" */ = {
			isa = XCConfigurationList;
			buildConfigurations = (
				DBAE6DE31EBF0AC1004EF6DE /* Debug */,
				DBAE6DE41EBF0AC1004EF6DE /* Release */,
			);
			defaultConfigurationIsVisible = 0;
			defaultConfigurationName = Release;
		};
		DBAE6DE51EBF0AC1004EF6DE /* Build configuration list for PBXNativeTarget "RxTest" */ = {
			isa = XCConfigurationList;
			buildConfigurations = (
				DBAE6DE61EBF0AC1004EF6DE /* Debug */,
				DBAE6DE71EBF0AC1004EF6DE /* Release */,
			);
			defaultConfigurationIsVisible = 0;
			defaultConfigurationName = Release;
		};
		DBAE6DE81EBF0AC1004EF6DE /* Build configuration list for PBXNativeTarget "RxTestTests" */ = {
			isa = XCConfigurationList;
			buildConfigurations = (
				DBAE6DE91EBF0AC1004EF6DE /* Debug */,
				DBAE6DEA1EBF0AC1004EF6DE /* Release */,
			);
			defaultConfigurationIsVisible = 0;
			defaultConfigurationName = Release;
		};
		DBAE6DEB1EBF0AC1004EF6DE /* Build configuration list for PBXNativeTarget "RxTestUITests" */ = {
			isa = XCConfigurationList;
			buildConfigurations = (
				DBAE6DEC1EBF0AC1004EF6DE /* Debug */,
				DBAE6DED1EBF0AC1004EF6DE /* Release */,
			);
			defaultConfigurationIsVisible = 0;
			defaultConfigurationName = Release;
		};
/* End XCConfigurationList section */
	};
	rootObject = DBAE6DB51EBF0AC1004EF6DE /* Project object */;
}
